# This file is autogenerated, do not edit; changes may be undone by the next 'dep ensure'.


[[projects]]
  name = "github.com/go-sql-driver/mysql"
  packages = ["."]
  revision = "a0583e0143b1624142adab07e0e97fe106d99561"
  version = "v1.3"

[[projects]]
  name = "github.com/jinzhu/gorm"
  packages = [".","dialects/mysql"]
  revision = "5174cc5c242a728b435ea2be8a2f7f998e15429b"
  version = "v1.0"

[[projects]]
  branch = "master"
  name = "github.com/jinzhu/inflection"
  packages = ["."]
  revision = "1c35d901db3da928c72a72d8458480cc9ade058f"

[[projects]]
  name = "github.com/xuri/excelize"
  packages = ["."]
  revision = "1ec2661dda1ef16f58b2a3d614b11a2bcd0a2f2f"
  version = "1.1"

[solve-meta]
  analyzer-name = "dep"
  analyzer-version = 1
  inputs-digest = "b967931ef68ff8a50ef0c05e596f272f309b9d73d5ea5b6e49cc8d4ccecca30d"
  solver-name = "gps-cdcl"
  solver-version = 1
